// !$*UTF8*$!
{
	archiveVersion = 1;
	classes = {
	};
	objectVersion = 46;
	objects = {

/* Begin PBXBuildFile section */
		7D2139D018DAFB2D0059135C /* QuestionsTableViewController.m in Sources */ = {isa = PBXBuildFile; fileRef = 7D2139CF18DAFB2D0059135C /* QuestionsTableViewController.m */; };
		7D2139D318DAFB540059135C /* QuestionsDataSource.m in Sources */ = {isa = PBXBuildFile; fileRef = 7D2139D218DAFB540059135C /* QuestionsDataSource.m */; };
		7D2139DE18DB0E700059135C /* QuestionDetailViewController.m in Sources */ = {isa = PBXBuildFile; fileRef = 7D2139DD18DB0E700059135C /* QuestionDetailViewController.m */; };
		7D4F2A6918DAED100001BB8C /* Foundation.framework in Frameworks */ = {isa = PBXBuildFile; fileRef = 7D4F2A6818DAED100001BB8C /* Foundation.framework */; };
		7D4F2A6B18DAED100001BB8C /* CoreGraphics.framework in Frameworks */ = {isa = PBXBuildFile; fileRef = 7D4F2A6A18DAED100001BB8C /* CoreGraphics.framework */; };
		7D4F2A6D18DAED100001BB8C /* UIKit.framework in Frameworks */ = {isa = PBXBuildFile; fileRef = 7D4F2A6C18DAED100001BB8C /* UIKit.framework */; };
		7D4F2A7318DAED100001BB8C /* InfoPlist.strings in Resources */ = {isa = PBXBuildFile; fileRef = 7D4F2A7118DAED100001BB8C /* InfoPlist.strings */; };
		7D4F2A7518DAED100001BB8C /* main.m in Sources */ = {isa = PBXBuildFile; fileRef = 7D4F2A7418DAED100001BB8C /* main.m */; };
		7D4F2A7918DAED100001BB8C /* AppDelegate.m in Sources */ = {isa = PBXBuildFile; fileRef = 7D4F2A7818DAED100001BB8C /* AppDelegate.m */; };
		7D4F2A7C18DAED100001BB8C /* Main.storyboard in Resources */ = {isa = PBXBuildFile; fileRef = 7D4F2A7A18DAED100001BB8C /* Main.storyboard */; };
		7D4F2A8118DAED100001BB8C /* Images.xcassets in Resources */ = {isa = PBXBuildFile; fileRef = 7D4F2A8018DAED100001BB8C /* Images.xcassets */; };
		7D4F2A8818DAED100001BB8C /* XCTest.framework in Frameworks */ = {isa = PBXBuildFile; fileRef = 7D4F2A8718DAED100001BB8C /* XCTest.framework */; };
		7D4F2A8918DAED100001BB8C /* Foundation.framework in Frameworks */ = {isa = PBXBuildFile; fileRef = 7D4F2A6818DAED100001BB8C /* Foundation.framework */; };
		7D4F2A8A18DAED100001BB8C /* UIKit.framework in Frameworks */ = {isa = PBXBuildFile; fileRef = 7D4F2A6C18DAED100001BB8C /* UIKit.framework */; };
		7D4F2A9218DAED100001BB8C /* InfoPlist.strings in Resources */ = {isa = PBXBuildFile; fileRef = 7D4F2A9018DAED100001BB8C /* InfoPlist.strings */; };
		7D4F2A9418DAED100001BB8C /* YNotTodayTests.m in Sources */ = {isa = PBXBuildFile; fileRef = 7D4F2A9318DAED100001BB8C /* YNotTodayTests.m */; };
		7D4F2AA218DAF0AB0001BB8C /* Constants.m in Sources */ = {isa = PBXBuildFile; fileRef = 7D4F2AA118DAF0AB0001BB8C /* Constants.m */; };
		7DC23B8918EEA1EF00E5F329 /* YNotModel.xcdatamodeld in Sources */ = {isa = PBXBuildFile; fileRef = 7DC23B8718EEA1EF00E5F329 /* YNotModel.xcdatamodeld */; };
		7DF399DC18EEB62E0009295D /* Question.m in Sources */ = {isa = PBXBuildFile; fileRef = 7DF399DB18EEB62E0009295D /* Question.m */; };
		7DF399DF18EEB7170009295D /* Answer.m in Sources */ = {isa = PBXBuildFile; fileRef = 7DF399DE18EEB7170009295D /* Answer.m */; };
		CFF739D1012048E8B07CF645 /* libPods.a in Frameworks */ = {isa = PBXBuildFile; fileRef = 216BD7A5AFE14FD8A517D137 /* libPods.a */; };
/* End PBXBuildFile section */

/* Begin PBXContainerItemProxy section */
		7D4F2A8B18DAED100001BB8C /* PBXContainerItemProxy */ = {
			isa = PBXContainerItemProxy;
			containerPortal = 7D4F2A5D18DAED100001BB8C /* Project object */;
			proxyType = 1;
			remoteGlobalIDString = 7D4F2A6418DAED100001BB8C;
			remoteInfo = YNotToday;
		};
/* End PBXContainerItemProxy section */

/* Begin PBXFileReference section */
		216BD7A5AFE14FD8A517D137 /* libPods.a */ = {isa = PBXFileReference; explicitFileType = archive.ar; includeInIndex = 0; path = libPods.a; sourceTree = BUILT_PRODUCTS_DIR; };
		7D2139CE18DAFB2D0059135C /* QuestionsTableViewController.h */ = {isa = PBXFileReference; fileEncoding = 4; lastKnownFileType = sourcecode.c.h; path = QuestionsTableViewController.h; sourceTree = "<group>"; };
		7D2139CF18DAFB2D0059135C /* QuestionsTableViewController.m */ = {isa = PBXFileReference; fileEncoding = 4; lastKnownFileType = sourcecode.c.objc; path = QuestionsTableViewController.m; sourceTree = "<group>"; };
		7D2139D118DAFB540059135C /* QuestionsDataSource.h */ = {isa = PBXFileReference; fileEncoding = 4; lastKnownFileType = sourcecode.c.h; name = QuestionsDataSource.h; path = "Data Sources/QuestionsDataSource.h"; sourceTree = "<group>"; };
		7D2139D218DAFB540059135C /* QuestionsDataSource.m */ = {isa = PBXFileReference; fileEncoding = 4; lastKnownFileType = sourcecode.c.objc; name = QuestionsDataSource.m; path = "Data Sources/QuestionsDataSource.m"; sourceTree = "<group>"; };
		7D2139DC18DB0E700059135C /* QuestionDetailViewController.h */ = {isa = PBXFileReference; fileEncoding = 4; lastKnownFileType = sourcecode.c.h; path = QuestionDetailViewController.h; sourceTree = "<group>"; };
		7D2139DD18DB0E700059135C /* QuestionDetailViewController.m */ = {isa = PBXFileReference; fileEncoding = 4; lastKnownFileType = sourcecode.c.objc; path = QuestionDetailViewController.m; sourceTree = "<group>"; };
		7D4F2A6518DAED100001BB8C /* YNotToday.app */ = {isa = PBXFileReference; explicitFileType = wrapper.application; includeInIndex = 0; path = YNotToday.app; sourceTree = BUILT_PRODUCTS_DIR; };
		7D4F2A6818DAED100001BB8C /* Foundation.framework */ = {isa = PBXFileReference; lastKnownFileType = wrapper.framework; name = Foundation.framework; path = System/Library/Frameworks/Foundation.framework; sourceTree = SDKROOT; };
		7D4F2A6A18DAED100001BB8C /* CoreGraphics.framework */ = {isa = PBXFileReference; lastKnownFileType = wrapper.framework; name = CoreGraphics.framework; path = System/Library/Frameworks/CoreGraphics.framework; sourceTree = SDKROOT; };
		7D4F2A6C18DAED100001BB8C /* UIKit.framework */ = {isa = PBXFileReference; lastKnownFileType = wrapper.framework; name = UIKit.framework; path = System/Library/Frameworks/UIKit.framework; sourceTree = SDKROOT; };
		7D4F2A7018DAED100001BB8C /* YNotToday-Info.plist */ = {isa = PBXFileReference; lastKnownFileType = text.plist.xml; path = "YNotToday-Info.plist"; sourceTree = "<group>"; };
		7D4F2A7218DAED100001BB8C /* en */ = {isa = PBXFileReference; lastKnownFileType = text.plist.strings; name = en; path = en.lproj/InfoPlist.strings; sourceTree = "<group>"; };
		7D4F2A7418DAED100001BB8C /* main.m */ = {isa = PBXFileReference; lastKnownFileType = sourcecode.c.objc; path = main.m; sourceTree = "<group>"; };
		7D4F2A7618DAED100001BB8C /* YNotToday-Prefix.pch */ = {isa = PBXFileReference; lastKnownFileType = sourcecode.c.h; path = "YNotToday-Prefix.pch"; sourceTree = "<group>"; };
		7D4F2A7718DAED100001BB8C /* AppDelegate.h */ = {isa = PBXFileReference; lastKnownFileType = sourcecode.c.h; path = AppDelegate.h; sourceTree = "<group>"; };
		7D4F2A7818DAED100001BB8C /* AppDelegate.m */ = {isa = PBXFileReference; lastKnownFileType = sourcecode.c.objc; path = AppDelegate.m; sourceTree = "<group>"; };
		7D4F2A7B18DAED100001BB8C /* Base */ = {isa = PBXFileReference; lastKnownFileType = file.storyboard; name = Base; path = Base.lproj/Main.storyboard; sourceTree = "<group>"; };
		7D4F2A8018DAED100001BB8C /* Images.xcassets */ = {isa = PBXFileReference; lastKnownFileType = folder.assetcatalog; path = Images.xcassets; sourceTree = "<group>"; };
		7D4F2A8618DAED100001BB8C /* YNotTodayTests.xctest */ = {isa = PBXFileReference; explicitFileType = wrapper.cfbundle; includeInIndex = 0; path = YNotTodayTests.xctest; sourceTree = BUILT_PRODUCTS_DIR; };
		7D4F2A8718DAED100001BB8C /* XCTest.framework */ = {isa = PBXFileReference; lastKnownFileType = wrapper.framework; name = XCTest.framework; path = Library/Frameworks/XCTest.framework; sourceTree = DEVELOPER_DIR; };
		7D4F2A8F18DAED100001BB8C /* YNotTodayTests-Info.plist */ = {isa = PBXFileReference; lastKnownFileType = text.plist.xml; path = "YNotTodayTests-Info.plist"; sourceTree = "<group>"; };
		7D4F2A9118DAED100001BB8C /* en */ = {isa = PBXFileReference; lastKnownFileType = text.plist.strings; name = en; path = en.lproj/InfoPlist.strings; sourceTree = "<group>"; };
		7D4F2A9318DAED100001BB8C /* YNotTodayTests.m */ = {isa = PBXFileReference; lastKnownFileType = sourcecode.c.objc; path = YNotTodayTests.m; sourceTree = "<group>"; };
		7D4F2AA018DAF0AB0001BB8C /* Constants.h */ = {isa = PBXFileReference; fileEncoding = 4; lastKnownFileType = sourcecode.c.h; path = Constants.h; sourceTree = "<group>"; };
		7D4F2AA118DAF0AB0001BB8C /* Constants.m */ = {isa = PBXFileReference; fileEncoding = 4; lastKnownFileType = sourcecode.c.objc; path = Constants.m; sourceTree = "<group>"; };
		7DC23B8818EEA1EF00E5F329 /* YNotModel.xcdatamodel */ = {isa = PBXFileReference; lastKnownFileType = wrapper.xcdatamodel; path = YNotModel.xcdatamodel; sourceTree = "<group>"; };
		7DF399DA18EEB62E0009295D /* Question.h */ = {isa = PBXFileReference; fileEncoding = 4; lastKnownFileType = sourcecode.c.h; path = Question.h; sourceTree = "<group>"; };
		7DF399DB18EEB62E0009295D /* Question.m */ = {isa = PBXFileReference; fileEncoding = 4; lastKnownFileType = sourcecode.c.objc; path = Question.m; sourceTree = "<group>"; };
		7DF399DD18EEB7170009295D /* Answer.h */ = {isa = PBXFileReference; fileEncoding = 4; lastKnownFileType = sourcecode.c.h; path = Answer.h; sourceTree = "<group>"; };
		7DF399DE18EEB7170009295D /* Answer.m */ = {isa = PBXFileReference; fileEncoding = 4; lastKnownFileType = sourcecode.c.objc; path = Answer.m; sourceTree = "<group>"; };
		9BCECCC5A69044739A835B29 /* Pods.xcconfig */ = {isa = PBXFileReference; includeInIndex = 1; lastKnownFileType = text.xcconfig; name = Pods.xcconfig; path = Pods/Pods.xcconfig; sourceTree = "<group>"; };
/* End PBXFileReference section */

/* Begin PBXFrameworksBuildPhase section */
		7D4F2A6218DAED100001BB8C /* Frameworks */ = {
			isa = PBXFrameworksBuildPhase;
			buildActionMask = 2147483647;
			files = (
				7D4F2A6B18DAED100001BB8C /* CoreGraphics.framework in Frameworks */,
				7D4F2A6D18DAED100001BB8C /* UIKit.framework in Frameworks */,
				7D4F2A6918DAED100001BB8C /* Foundation.framework in Frameworks */,
				CFF739D1012048E8B07CF645 /* libPods.a in Frameworks */,
			);
			runOnlyForDeploymentPostprocessing = 0;
		};
		7D4F2A8318DAED100001BB8C /* Frameworks */ = {
			isa = PBXFrameworksBuildPhase;
			buildActionMask = 2147483647;
			files = (
				7D4F2A8818DAED100001BB8C /* XCTest.framework in Frameworks */,
				7D4F2A8A18DAED100001BB8C /* UIKit.framework in Frameworks */,
				7D4F2A8918DAED100001BB8C /* Foundation.framework in Frameworks */,
			);
			runOnlyForDeploymentPostprocessing = 0;
		};
/* End PBXFrameworksBuildPhase section */

/* Begin PBXGroup section */
		7D2139D418DAFB560059135C /* Data Sources */ = {
			isa = PBXGroup;
			children = (
				7D2139D118DAFB540059135C /* QuestionsDataSource.h */,
				7D2139D218DAFB540059135C /* QuestionsDataSource.m */,
			);
			name = "Data Sources";
			sourceTree = "<group>";
		};
		7D2139D818DB00910059135C /* Models */ = {
			isa = PBXGroup;
			children = (
				7DC23B8718EEA1EF00E5F329 /* YNotModel.xcdatamodeld */,
				7DF399DD18EEB7170009295D /* Answer.h */,
				7DF399DE18EEB7170009295D /* Answer.m */,
				7DF399DA18EEB62E0009295D /* Question.h */,
				7DF399DB18EEB62E0009295D /* Question.m */,
			);
			name = Models;
			sourceTree = "<group>";
		};
		7D4F2A5C18DAED100001BB8C = {
			isa = PBXGroup;
			children = (
				7D4F2A6E18DAED100001BB8C /* YNotToday */,
				7D4F2A8D18DAED100001BB8C /* YNotTodayTests */,
				7D4F2A6718DAED100001BB8C /* Frameworks */,
				7D4F2A6618DAED100001BB8C /* Products */,
				9BCECCC5A69044739A835B29 /* Pods.xcconfig */,
			);
			sourceTree = "<group>";
		};
		7D4F2A6618DAED100001BB8C /* Products */ = {
			isa = PBXGroup;
			children = (
				7D4F2A6518DAED100001BB8C /* YNotToday.app */,
				7D4F2A8618DAED100001BB8C /* YNotTodayTests.xctest */,
			);
			name = Products;
			sourceTree = "<group>";
		};
		7D4F2A6718DAED100001BB8C /* Frameworks */ = {
			isa = PBXGroup;
			children = (
				7D4F2A6818DAED100001BB8C /* Foundation.framework */,
				7D4F2A6A18DAED100001BB8C /* CoreGraphics.framework */,
				7D4F2A6C18DAED100001BB8C /* UIKit.framework */,
				7D4F2A8718DAED100001BB8C /* XCTest.framework */,
				216BD7A5AFE14FD8A517D137 /* libPods.a */,
			);
			name = Frameworks;
			sourceTree = "<group>";
		};
		7D4F2A6E18DAED100001BB8C /* YNotToday */ = {
			isa = PBXGroup;
			children = (
				7D2139D418DAFB560059135C /* Data Sources */,
				7D2139D818DB00910059135C /* Models */,
				7D4F2AA018DAF0AB0001BB8C /* Constants.h */,
				7D4F2AA118DAF0AB0001BB8C /* Constants.m */,
				7D4F2A7718DAED100001BB8C /* AppDelegate.h */,
				7D4F2A7818DAED100001BB8C /* AppDelegate.m */,
				7D4F2A7A18DAED100001BB8C /* Main.storyboard */,
				7D2139DC18DB0E700059135C /* QuestionDetailViewController.h */,
				7D2139DD18DB0E700059135C /* QuestionDetailViewController.m */,
				7D2139CE18DAFB2D0059135C /* QuestionsTableViewController.h */,
				7D2139CF18DAFB2D0059135C /* QuestionsTableViewController.m */,
				7D4F2A8018DAED100001BB8C /* Images.xcassets */,
				7D4F2A6F18DAED100001BB8C /* Supporting Files */,
			);
			path = YNotToday;
			sourceTree = "<group>";
		};
		7D4F2A6F18DAED100001BB8C /* Supporting Files */ = {
			isa = PBXGroup;
			children = (
				7D4F2A7018DAED100001BB8C /* YNotToday-Info.plist */,
				7D4F2A7118DAED100001BB8C /* InfoPlist.strings */,
				7D4F2A7418DAED100001BB8C /* main.m */,
				7D4F2A7618DAED100001BB8C /* YNotToday-Prefix.pch */,
			);
			name = "Supporting Files";
			sourceTree = "<group>";
		};
		7D4F2A8D18DAED100001BB8C /* YNotTodayTests */ = {
			isa = PBXGroup;
			children = (
				7D4F2A9318DAED100001BB8C /* YNotTodayTests.m */,
				7D4F2A8E18DAED100001BB8C /* Supporting Files */,
			);
			path = YNotTodayTests;
			sourceTree = "<group>";
		};
		7D4F2A8E18DAED100001BB8C /* Supporting Files */ = {
			isa = PBXGroup;
			children = (
				7D4F2A8F18DAED100001BB8C /* YNotTodayTests-Info.plist */,
				7D4F2A9018DAED100001BB8C /* InfoPlist.strings */,
			);
			name = "Supporting Files";
			sourceTree = "<group>";
		};
/* End PBXGroup section */

/* Begin PBXNativeTarget section */
		7D4F2A6418DAED100001BB8C /* YNotToday */ = {
			isa = PBXNativeTarget;
			buildConfigurationList = 7D4F2A9718DAED100001BB8C /* Build configuration list for PBXNativeTarget "YNotToday" */;
			buildPhases = (
				4119DD0265BC4CCEB0FC14D5 /* Check Pods Manifest.lock */,
				7D4F2A6118DAED100001BB8C /* Sources */,
				7D4F2A6218DAED100001BB8C /* Frameworks */,
				7D4F2A6318DAED100001BB8C /* Resources */,
				D3F2CA18DC2341D58084EF87 /* Copy Pods Resources */,
			);
			buildRules = (
			);
			dependencies = (
			);
			name = YNotToday;
			productName = YNotToday;
			productReference = 7D4F2A6518DAED100001BB8C /* YNotToday.app */;
			productType = "com.apple.product-type.application";
		};
		7D4F2A8518DAED100001BB8C /* YNotTodayTests */ = {
			isa = PBXNativeTarget;
			buildConfigurationList = 7D4F2A9A18DAED100001BB8C /* Build configuration list for PBXNativeTarget "YNotTodayTests" */;
			buildPhases = (
				7D4F2A8218DAED100001BB8C /* Sources */,
				7D4F2A8318DAED100001BB8C /* Frameworks */,
				7D4F2A8418DAED100001BB8C /* Resources */,
			);
			buildRules = (
			);
			dependencies = (
				7D4F2A8C18DAED100001BB8C /* PBXTargetDependency */,
			);
			name = YNotTodayTests;
			productName = YNotTodayTests;
			productReference = 7D4F2A8618DAED100001BB8C /* YNotTodayTests.xctest */;
			productType = "com.apple.product-type.bundle.unit-test";
		};
/* End PBXNativeTarget section */

/* Begin PBXProject section */
		7D4F2A5D18DAED100001BB8C /* Project object */ = {
			isa = PBXProject;
			attributes = {
				LastUpgradeCheck = 0510;
				ORGANIZATIONNAME = "Stoica Alexandru";
				TargetAttributes = {
					7D4F2A6418DAED100001BB8C = {
						DevelopmentTeam = MQ8JA8H9EG;
					};
					7D4F2A8518DAED100001BB8C = {
						TestTargetID = 7D4F2A6418DAED100001BB8C;
					};
				};
			};
			buildConfigurationList = 7D4F2A6018DAED100001BB8C /* Build configuration list for PBXProject "YNotToday" */;
			compatibilityVersion = "Xcode 3.2";
			developmentRegion = English;
			hasScannedForEncodings = 0;
			knownRegions = (
				en,
				Base,
			);
			mainGroup = 7D4F2A5C18DAED100001BB8C;
			productRefGroup = 7D4F2A6618DAED100001BB8C /* Products */;
			projectDirPath = "";
			projectRoot = "";
			targets = (
				7D4F2A6418DAED100001BB8C /* YNotToday */,
				7D4F2A8518DAED100001BB8C /* YNotTodayTests */,
			);
		};
/* End PBXProject section */

/* Begin PBXResourcesBuildPhase section */
		7D4F2A6318DAED100001BB8C /* Resources */ = {
			isa = PBXResourcesBuildPhase;
			buildActionMask = 2147483647;
			files = (
				7D4F2A8118DAED100001BB8C /* Images.xcassets in Resources */,
				7D4F2A7318DAED100001BB8C /* InfoPlist.strings in Resources */,
				7D4F2A7C18DAED100001BB8C /* Main.storyboard in Resources */,
			);
			runOnlyForDeploymentPostprocessing = 0;
		};
		7D4F2A8418DAED100001BB8C /* Resources */ = {
			isa = PBXResourcesBuildPhase;
			buildActionMask = 2147483647;
			files = (
				7D4F2A9218DAED100001BB8C /* InfoPlist.strings in Resources */,
			);
			runOnlyForDeploymentPostprocessing = 0;
		};
/* End PBXResourcesBuildPhase section */

/* Begin PBXShellScriptBuildPhase section */
		4119DD0265BC4CCEB0FC14D5 /* Check Pods Manifest.lock */ = {
			isa = PBXShellScriptBuildPhase;
			buildActionMask = 2147483647;
			files = (
			);
			inputPaths = (
			);
			name = "Check Pods Manifest.lock";
			outputPaths = (
			);
			runOnlyForDeploymentPostprocessing = 0;
			shellPath = /bin/sh;
			shellScript = "diff \"${PODS_ROOT}/../Podfile.lock\" \"${PODS_ROOT}/Manifest.lock\" > /dev/null\nif [[ $? != 0 ]] ; then\n    cat << EOM\nerror: The sandbox is not in sync with the Podfile.lock. Run 'pod install' or update your CocoaPods installation.\nEOM\n    exit 1\nfi\n";
			showEnvVarsInLog = 0;
		};
		D3F2CA18DC2341D58084EF87 /* Copy Pods Resources */ = {
			isa = PBXShellScriptBuildPhase;
			buildActionMask = 2147483647;
			files = (
			);
			inputPaths = (
			);
			name = "Copy Pods Resources";
			outputPaths = (
			);
			runOnlyForDeploymentPostprocessing = 0;
			shellPath = /bin/sh;
			shellScript = "\"${SRCROOT}/Pods/Pods-resources.sh\"\n";
			showEnvVarsInLog = 0;
		};
/* End PBXShellScriptBuildPhase section */

/* Begin PBXSourcesBuildPhase section */
		7D4F2A6118DAED100001BB8C /* Sources */ = {
			isa = PBXSourcesBuildPhase;
			buildActionMask = 2147483647;
			files = (
				7D4F2A7918DAED100001BB8C /* AppDelegate.m in Sources */,
				7D2139D318DAFB540059135C /* QuestionsDataSource.m in Sources */,
				7D2139DE18DB0E700059135C /* QuestionDetailViewController.m in Sources */,
				7D4F2A7518DAED100001BB8C /* main.m in Sources */,
				7D4F2AA218DAF0AB0001BB8C /* Constants.m in Sources */,
				7DF399DC18EEB62E0009295D /* Question.m in Sources */,
				7D2139D018DAFB2D0059135C /* QuestionsTableViewController.m in Sources */,
				7DF399DF18EEB7170009295D /* Answer.m in Sources */,
				7DC23B8918EEA1EF00E5F329 /* YNotModel.xcdatamodeld in Sources */,
			);
			runOnlyForDeploymentPostprocessing = 0;
		};
		7D4F2A8218DAED100001BB8C /* Sources */ = {
			isa = PBXSourcesBuildPhase;
			buildActionMask = 2147483647;
			files = (
				7D4F2A9418DAED100001BB8C /* YNotTodayTests.m in Sources */,
			);
			runOnlyForDeploymentPostprocessing = 0;
		};
/* End PBXSourcesBuildPhase section */

/* Begin PBXTargetDependency section */
		7D4F2A8C18DAED100001BB8C /* PBXTargetDependency */ = {
			isa = PBXTargetDependency;
			target = 7D4F2A6418DAED100001BB8C /* YNotToday */;
			targetProxy = 7D4F2A8B18DAED100001BB8C /* PBXContainerItemProxy */;
		};
/* End PBXTargetDependency section */

/* Begin PBXVariantGroup section */
		7D4F2A7118DAED100001BB8C /* InfoPlist.strings */ = {
			isa = PBXVariantGroup;
			children = (
				7D4F2A7218DAED100001BB8C /* en */,
			);
			name = InfoPlist.strings;
			sourceTree = "<group>";
		};
		7D4F2A7A18DAED100001BB8C /* Main.storyboard */ = {
			isa = PBXVariantGroup;
			children = (
				7D4F2A7B18DAED100001BB8C /* Base */,
			);
			name = Main.storyboard;
			sourceTree = "<group>";
		};
		7D4F2A9018DAED100001BB8C /* InfoPlist.strings */ = {
			isa = PBXVariantGroup;
			children = (
				7D4F2A9118DAED100001BB8C /* en */,
			);
			name = InfoPlist.strings;
			sourceTree = "<group>";
		};
/* End PBXVariantGroup section */

/* Begin XCBuildConfiguration section */
		7D4F2A9518DAED100001BB8C /* Debug */ = {
			isa = XCBuildConfiguration;
			buildSettings = {
				ALWAYS_SEARCH_USER_PATHS = NO;
				CLANG_CXX_LANGUAGE_STANDARD = "gnu++0x";
				CLANG_CXX_LIBRARY = "libc++";
				CLANG_ENABLE_MODULES = YES;
				CLANG_ENABLE_OBJC_ARC = YES;
				CLANG_WARN_BOOL_CONVERSION = YES;
				CLANG_WARN_CONSTANT_CONVERSION = YES;
				CLANG_WARN_DIRECT_OBJC_ISA_USAGE = YES_ERROR;
				CLANG_WARN_EMPTY_BODY = YES;
				CLANG_WARN_ENUM_CONVERSION = YES;
				CLANG_WARN_INT_CONVERSION = YES;
				CLANG_WARN_OBJC_ROOT_CLASS = YES_ERROR;
				CLANG_WARN__DUPLICATE_METHOD_MATCH = YES;
				"CODE_SIGN_IDENTITY[sdk=iphoneos*]" = "iPhone Developer: Alexandru Stoica (W2JH5CS6B6)";
				COPY_PHASE_STRIP = NO;
				GCC_C_LANGUAGE_STANDARD = gnu99;
				GCC_DYNAMIC_NO_PIC = NO;
				GCC_OPTIMIZATION_LEVEL = 0;
				GCC_PREPROCESSOR_DEFINITIONS = (
					"DEBUG=1",
					"$(inherited)",
				);
				GCC_SYMBOLS_PRIVATE_EXTERN = NO;
				GCC_WARN_64_TO_32_BIT_CONVERSION = YES;
				GCC_WARN_ABOUT_RETURN_TYPE = YES_ERROR;
				GCC_WARN_UNDECLARED_SELECTOR = YES;
				GCC_WARN_UNINITIALIZED_AUTOS = YES_AGGRESSIVE;
				GCC_WARN_UNUSED_FUNCTION = YES;
				GCC_WARN_UNUSED_VARIABLE = YES;
				IPHONEOS_DEPLOYMENT_TARGET = 7.1;
				ONLY_ACTIVE_ARCH = YES;
				SDKROOT = iphoneos;
			};
			name = Debug;
		};
		7D4F2A9618DAED100001BB8C /* Release */ = {
			isa = XCBuildConfiguration;
			buildSettings = {
				ALWAYS_SEARCH_USER_PATHS = NO;
				CLANG_CXX_LANGUAGE_STANDARD = "gnu++0x";
				CLANG_CXX_LIBRARY = "libc++";
				CLANG_ENABLE_MODULES = YES;
				CLANG_ENABLE_OBJC_ARC = YES;
				CLANG_WARN_BOOL_CONVERSION = YES;
				CLANG_WARN_CONSTANT_CONVERSION = YES;
				CLANG_WARN_DIRECT_OBJC_ISA_USAGE = YES_ERROR;
				CLANG_WARN_EMPTY_BODY = YES;
				CLANG_WARN_ENUM_CONVERSION = YES;
				CLANG_WARN_INT_CONVERSION = YES;
				CLANG_WARN_OBJC_ROOT_CLASS = YES_ERROR;
				CLANG_WARN__DUPLICATE_METHOD_MATCH = YES;
				"CODE_SIGN_IDENTITY[sdk=iphoneos*]" = "iPhone Developer: Alexandru Stoica (W2JH5CS6B6)";
				COPY_PHASE_STRIP = YES;
				ENABLE_NS_ASSERTIONS = NO;
				GCC_C_LANGUAGE_STANDARD = gnu99;
				GCC_WARN_64_TO_32_BIT_CONVERSION = YES;
				GCC_WARN_ABOUT_RETURN_TYPE = YES_ERROR;
				GCC_WARN_UNDECLARED_SELECTOR = YES;
				GCC_WARN_UNINITIALIZED_AUTOS = YES_AGGRESSIVE;
				GCC_WARN_UNUSED_FUNCTION = YES;
				GCC_WARN_UNUSED_VARIABLE = YES;
				IPHONEOS_DEPLOYMENT_TARGET = 7.1;
				SDKROOT = iphoneos;
				VALIDATE_PRODUCT = YES;
			};
			name = Release;
		};
		7D4F2A9818DAED100001BB8C /* Debug */ = {
			isa = XCBuildConfiguration;
			baseConfigurationReference = 9BCECCC5A69044739A835B29 /* Pods.xcconfig */;
			buildSettings = {
				ASSETCATALOG_COMPILER_APPICON_NAME = AppIcon;
				ASSETCATALOG_COMPILER_LAUNCHIMAGE_NAME = LaunchImage;
				CODE_SIGN_IDENTITY = "iPhone Developer: Alexandru Stoica (W2JH5CS6B6)";
				GCC_PRECOMPILE_PREFIX_HEADER = YES;
				GCC_PREFIX_HEADER = "YNotToday/YNotToday-Prefix.pch";
				INFOPLIST_FILE = "YNotToday/YNotToday-Info.plist";
				IPHONEOS_DEPLOYMENT_TARGET = 7.0;
				PRODUCT_NAME = "$(TARGET_NAME)";
				USER_HEADER_SEARCH_PATHS = "\"${PROJECT_DIR}/Pods\"/**";
				WRAPPER_EXTENSION = app;
			};
			name = Debug;
		};
		7D4F2A9918DAED100001BB8C /* Release */ = {
			isa = XCBuildConfiguration;
			baseConfigurationReference = 9BCECCC5A69044739A835B29 /* Pods.xcconfig */;
			buildSettings = {
				ASSETCATALOG_COMPILER_APPICON_NAME = AppIcon;
				ASSETCATALOG_COMPILER_LAUNCHIMAGE_NAME = LaunchImage;
				CODE_SIGN_IDENTITY = "iPhone Developer: Alexandru Stoica (W2JH5CS6B6)";
				GCC_PRECOMPILE_PREFIX_HEADER = YES;
				GCC_PREFIX_HEADER = "YNotToday/YNotToday-Prefix.pch";
				INFOPLIST_FILE = "YNotToday/YNotToday-Info.plist";
				IPHONEOS_DEPLOYMENT_TARGET = 7.0;
				PRODUCT_NAME = "$(TARGET_NAME)";
				USER_HEADER_SEARCH_PATHS = "\"${PROJECT_DIR}/Pods\"/**";
				WRAPPER_EXTENSION = app;
			};
			name = Release;
		};
		7D4F2A9B18DAED100001BB8C /* Debug */ = {
			isa = XCBuildConfiguration;
			buildSettings = {
				BUNDLE_LOADER = "$(BUILT_PRODUCTS_DIR)/YNotToday.app/YNotToday";
				FRAMEWORK_SEARCH_PATHS = (
					"$(SDKROOT)/Developer/Library/Frameworks",
					"$(inherited)",
					"$(DEVELOPER_FRAMEWORKS_DIR)",
				);
				GCC_PRECOMPILE_PREFIX_HEADER = YES;
				GCC_PREFIX_HEADER = "YNotToday/YNotToday-Prefix.pch";
				GCC_PREPROCESSOR_DEFINITIONS = (
					"DEBUG=1",
					"$(inherited)",
				);
				INFOPLIST_FILE = "YNotTodayTests/YNotTodayTests-Info.plist";
				PRODUCT_NAME = "$(TARGET_NAME)";
				TEST_HOST = "$(BUNDLE_LOADER)";
				WRAPPER_EXTENSION = xctest;
			};
			name = Debug;
		};
		7D4F2A9C18DAED100001BB8C /* Release */ = {
			isa = XCBuildConfiguration;
			buildSettings = {
				BUNDLE_LOADER = "$(BUILT_PRODUCTS_DIR)/YNotToday.app/YNotToday";
				FRAMEWORK_SEARCH_PATHS = (
					"$(SDKROOT)/Developer/Library/Frameworks",
					"$(inherited)",
					"$(DEVELOPER_FRAMEWORKS_DIR)",
				);
				GCC_PRECOMPILE_PREFIX_HEADER = YES;
				GCC_PREFIX_HEADER = "YNotToday/YNotToday-Prefix.pch";
				INFOPLIST_FILE = "YNotTodayTests/YNotTodayTests-Info.plist";
				PRODUCT_NAME = "$(TARGET_NAME)";
				TEST_HOST = "$(BUNDLE_LOADER)";
				WRAPPER_EXTENSION = xctest;
			};
			name = Release;
		};
/* End XCBuildConfiguration section */

/* Begin XCConfigurationList section */
		7D4F2A6018DAED100001BB8C /* Build configuration list for PBXProject "YNotToday" */ = {
			isa = XCConfigurationList;
			buildConfigurations = (
				7D4F2A9518DAED100001BB8C /* Debug */,
				7D4F2A9618DAED100001BB8C /* Release */,
			);
			defaultConfigurationIsVisible = 0;
			defaultConfigurationName = Release;
		};
		7D4F2A9718DAED100001BB8C /* Build configuration list for PBXNativeTarget "YNotToday" */ = {
			isa = XCConfigurationList;
			buildConfigurations = (
				7D4F2A9818DAED100001BB8C /* Debug */,
				7D4F2A9918DAED100001BB8C /* Release */,
			);
			defaultConfigurationIsVisible = 0;
			defaultConfigurationName = Release;
		};
		7D4F2A9A18DAED100001BB8C /* Build configuration list for PBXNativeTarget "YNotTodayTests" */ = {
			isa = XCConfigurationList;
			buildConfigurations = (
				7D4F2A9B18DAED100001BB8C /* Debug */,
				7D4F2A9C18DAED100001BB8C /* Release */,
			);
			defaultConfigurationIsVisible = 0;
			defaultConfigurationName = Release;
		};
/* End XCConfigurationList section */

/* Begin XCVersionGroup section */
		7DC23B8718EEA1EF00E5F329 /* YNotModel.xcdatamodeld */ = {
			isa = XCVersionGroup;
			children = (
				7DC23B8818EEA1EF00E5F329 /* YNotModel.xcdatamodel */,
			);
			currentVersion = 7DC23B8818EEA1EF00E5F329 /* YNotModel.xcdatamodel */;
			path = YNotModel.xcdatamodeld;
			sourceTree = "<group>";
			versionGroupType = wrapper.xcdatamodel;
		};
/* End XCVersionGroup section */
	};
	rootObject = 7D4F2A5D18DAED100001BB8C /* Project object */;
}
